{
  "name": "literate-purescript",
  "version": "0.1.0",
  "lockfileVersion": 1,
  "requires": true,
  "dependencies": {
    "purescript-psa": {
      "version": "0.6.0",
      "resolved": "https://registry.npmjs.org/purescript-psa/-/purescript-psa-0.6.0.tgz",
      "integrity": "sha1-j5hgQ+WxrvnWUFqz+9LWJeotur4=",
      "dev": true
    }
  }
}
